// !$*UTF8*$!
{
	archiveVersion = 1;
	classes = {
	};
	objectVersion = 55;
	objects = {

/* Begin PBXBuildFile section */
		8358F568278297C80067BDB7 /* GiroEvent.swift in Sources */ = {isa = PBXBuildFile; fileRef = 8358F567278297C80067BDB7 /* GiroEvent.swift */; };
		839070A0277A0B0F006739A7 /* AppDelegate.swift in Sources */ = {isa = PBXBuildFile; fileRef = 8390709F277A0B0F006739A7 /* AppDelegate.swift */; };
		839070A2277A0B0F006739A7 /* GameScene.sks in Resources */ = {isa = PBXBuildFile; fileRef = 839070A1277A0B0F006739A7 /* GameScene.sks */; };
		839070A4277A0B0F006739A7 /* Actions.sks in Resources */ = {isa = PBXBuildFile; fileRef = 839070A3277A0B0F006739A7 /* Actions.sks */; };
		839070A6277A0B0F006739A7 /* GameScene.swift in Sources */ = {isa = PBXBuildFile; fileRef = 839070A5277A0B0F006739A7 /* GameScene.swift */; };
		839070A8277A0B0F006739A7 /* GameViewController.swift in Sources */ = {isa = PBXBuildFile; fileRef = 839070A7277A0B0F006739A7 /* GameViewController.swift */; };
		839070AB277A0B0F006739A7 /* Main.storyboard in Resources */ = {isa = PBXBuildFile; fileRef = 839070A9277A0B0F006739A7 /* Main.storyboard */; };
		839070AD277A0B14006739A7 /* Assets.xcassets in Resources */ = {isa = PBXBuildFile; fileRef = 839070AC277A0B14006739A7 /* Assets.xcassets */; };
		839070B0277A0B14006739A7 /* LaunchScreen.storyboard in Resources */ = {isa = PBXBuildFile; fileRef = 839070AE277A0B14006739A7 /* LaunchScreen.storyboard */; };
		83A21F41277C0D65001031D9 /* python_sounds_dum.wav in Resources */ = {isa = PBXBuildFile; fileRef = 83A21F40277C0D65001031D9 /* python_sounds_dum.wav */; };
		83A21F43277C156C001031D9 /* python_sounds_tac.wav in Resources */ = {isa = PBXBuildFile; fileRef = 83A21F42277C156C001031D9 /* python_sounds_tac.wav */; };
		83DF6B13277F97050085208C /* python_sounds_4c.wav in Resources */ = {isa = PBXBuildFile; fileRef = 83DF6B12277F97050085208C /* python_sounds_4c.wav */; };
		83DF6B15277F970B0085208C /* python_sounds_4b.wav in Resources */ = {isa = PBXBuildFile; fileRef = 83DF6B14277F970B0085208C /* python_sounds_4b.wav */; };
		83DF6B172780E2840085208C /* Queue.swift in Sources */ = {isa = PBXBuildFile; fileRef = 83DF6B162780E2840085208C /* Queue.swift */; };
/* End PBXBuildFile section */

/* Begin PBXFileReference section */
		8358F567278297C80067BDB7 /* GiroEvent.swift */ = {isa = PBXFileReference; lastKnownFileType = sourcecode.swift; path = GiroEvent.swift; sourceTree = "<group>"; };
		8390709C277A0B0F006739A7 /* Sounder.app */ = {isa = PBXFileReference; explicitFileType = wrapper.application; includeInIndex = 0; path = Sounder.app; sourceTree = BUILT_PRODUCTS_DIR; };
		8390709F277A0B0F006739A7 /* AppDelegate.swift */ = {isa = PBXFileReference; lastKnownFileType = sourcecode.swift; path = AppDelegate.swift; sourceTree = "<group>"; };
		839070A1277A0B0F006739A7 /* GameScene.sks */ = {isa = PBXFileReference; lastKnownFileType = file.sks; path = GameScene.sks; sourceTree = "<group>"; };
		839070A3277A0B0F006739A7 /* Actions.sks */ = {isa = PBXFileReference; lastKnownFileType = file.sks; path = Actions.sks; sourceTree = "<group>"; };
		839070A5277A0B0F006739A7 /* GameScene.swift */ = {isa = PBXFileReference; lastKnownFileType = sourcecode.swift; path = GameScene.swift; sourceTree = "<group>"; };
		839070A7277A0B0F006739A7 /* GameViewController.swift */ = {isa = PBXFileReference; lastKnownFileType = sourcecode.swift; path = GameViewController.swift; sourceTree = "<group>"; };
		839070AA277A0B0F006739A7 /* Base */ = {isa = PBXFileReference; lastKnownFileType = file.storyboard; name = Base; path = Base.lproj/Main.storyboard; sourceTree = "<group>"; };
		839070AC277A0B14006739A7 /* Assets.xcassets */ = {isa = PBXFileReference; lastKnownFileType = folder.assetcatalog; path = Assets.xcassets; sourceTree = "<group>"; };
		839070AF277A0B14006739A7 /* Base */ = {isa = PBXFileReference; lastKnownFileType = file.storyboard; name = Base; path = Base.lproj/LaunchScreen.storyboard; sourceTree = "<group>"; };
		83A21F40277C0D65001031D9 /* python_sounds_dum.wav */ = {isa = PBXFileReference; lastKnownFileType = audio.wav; path = python_sounds_dum.wav; sourceTree = "<group>"; };
		83A21F42277C156C001031D9 /* python_sounds_tac.wav */ = {isa = PBXFileReference; lastKnownFileType = audio.wav; path = python_sounds_tac.wav; sourceTree = "<group>"; };
		83DF6B12277F97050085208C /* python_sounds_4c.wav */ = {isa = PBXFileReference; lastKnownFileType = audio.wav; path = python_sounds_4c.wav; sourceTree = "<group>"; };
		83DF6B14277F970B0085208C /* python_sounds_4b.wav */ = {isa = PBXFileReference; lastKnownFileType = audio.wav; path = python_sounds_4b.wav; sourceTree = "<group>"; };
		83DF6B162780E2840085208C /* Queue.swift */ = {isa = PBXFileReference; lastKnownFileType = sourcecode.swift; path = Queue.swift; sourceTree = "<group>"; };
/* End PBXFileReference section */

/* Begin PBXFrameworksBuildPhase section */
		83907099277A0B0F006739A7 /* Frameworks */ = {
			isa = PBXFrameworksBuildPhase;
			buildActionMask = 2147483647;
			files = (
			);
			runOnlyForDeploymentPostprocessing = 0;
		};
/* End PBXFrameworksBuildPhase section */

/* Begin PBXGroup section */
		83907093277A0B0F006739A7 = {
			isa = PBXGroup;
			children = (
				8390709E277A0B0F006739A7 /* Sounder */,
				8390709D277A0B0F006739A7 /* Products */,
			);
			sourceTree = "<group>";
		};
		8390709D277A0B0F006739A7 /* Products */ = {
			isa = PBXGroup;
			children = (
				8390709C277A0B0F006739A7 /* Sounder.app */,
			);
			name = Products;
			sourceTree = "<group>";
		};
		8390709E277A0B0F006739A7 /* Sounder */ = {
			isa = PBXGroup;
			children = (
				83DF6B14277F970B0085208C /* python_sounds_4b.wav */,
				83DF6B12277F97050085208C /* python_sounds_4c.wav */,
				839070A5277A0B0F006739A7 /* GameScene.swift */,
				83A21F42277C156C001031D9 /* python_sounds_tac.wav */,
				83A21F40277C0D65001031D9 /* python_sounds_dum.wav */,
				839070A7277A0B0F006739A7 /* GameViewController.swift */,
				8390709F277A0B0F006739A7 /* AppDelegate.swift */,
				839070A1277A0B0F006739A7 /* GameScene.sks */,
				839070A3277A0B0F006739A7 /* Actions.sks */,
				839070A9277A0B0F006739A7 /* Main.storyboard */,
				839070AC277A0B14006739A7 /* Assets.xcassets */,
				839070AE277A0B14006739A7 /* LaunchScreen.storyboard */,
				83DF6B162780E2840085208C /* Queue.swift */,
				8358F567278297C80067BDB7 /* GiroEvent.swift */,
			);
			path = Sounder;
			sourceTree = "<group>";
		};
/* End PBXGroup section */

/* Begin PBXNativeTarget section */
		8390709B277A0B0F006739A7 /* Sounder */ = {
			isa = PBXNativeTarget;
			buildConfigurationList = 839070B3277A0B14006739A7 /* Build configuration list for PBXNativeTarget "Sounder" */;
			buildPhases = (
				83907098277A0B0F006739A7 /* Sources */,
				83907099277A0B0F006739A7 /* Frameworks */,
				8390709A277A0B0F006739A7 /* Resources */,
			);
			buildRules = (
			);
			dependencies = (
			);
			name = Sounder;
			productName = Sounder;
			productReference = 8390709C277A0B0F006739A7 /* Sounder.app */;
			productType = "com.apple.product-type.application";
		};
/* End PBXNativeTarget section */

/* Begin PBXProject section */
		83907094277A0B0F006739A7 /* Project object */ = {
			isa = PBXProject;
			attributes = {
				BuildIndependentTargetsInParallel = 1;
				LastSwiftUpdateCheck = 1320;
				LastUpgradeCheck = 1320;
				TargetAttributes = {
					8390709B277A0B0F006739A7 = {
						CreatedOnToolsVersion = 13.2.1;
					};
				};
			};
			buildConfigurationList = 83907097277A0B0F006739A7 /* Build configuration list for PBXProject "Sounder" */;
			compatibilityVersion = "Xcode 13.0";
			developmentRegion = en;
			hasScannedForEncodings = 0;
			knownRegions = (
				en,
				Base,
			);
			mainGroup = 83907093277A0B0F006739A7;
			productRefGroup = 8390709D277A0B0F006739A7 /* Products */;
			projectDirPath = "";
			projectRoot = "";
			targets = (
				8390709B277A0B0F006739A7 /* Sounder */,
			);
		};
/* End PBXProject section */

/* Begin PBXResourcesBuildPhase section */
		8390709A277A0B0F006739A7 /* Resources */ = {
			isa = PBXResourcesBuildPhase;
			buildActionMask = 2147483647;
			files = (
				839070AB277A0B0F006739A7 /* Main.storyboard in Resources */,
				83A21F43277C156C001031D9 /* python_sounds_tac.wav in Resources */,
				83DF6B15277F970B0085208C /* python_sounds_4b.wav in Resources */,
				839070A2277A0B0F006739A7 /* GameScene.sks in Resources */,
				839070AD277A0B14006739A7 /* Assets.xcassets in Resources */,
				839070B0277A0B14006739A7 /* LaunchScreen.storyboard in Resources */,
				839070A4277A0B0F006739A7 /* Actions.sks in Resources */,
				83A21F41277C0D65001031D9 /* python_sounds_dum.wav in Resources */,
				83DF6B13277F97050085208C /* python_sounds_4c.wav in Resources */,
			);
			runOnlyForDeploymentPostprocessing = 0;
		};
/* End PBXResourcesBuildPhase section */

/* Begin PBXSourcesBuildPhase section */
		83907098277A0B0F006739A7 /* Sources */ = {
			isa = PBXSourcesBuildPhase;
			buildActionMask = 2147483647;
			files = (
				839070A6277A0B0F006739A7 /* GameScene.swift in Sources */,
				8358F568278297C80067BDB7 /* GiroEvent.swift in Sources */,
				839070A8277A0B0F006739A7 /* GameViewController.swift in Sources */,
				839070A0277A0B0F006739A7 /* AppDelegate.swift in Sources */,
				83DF6B172780E2840085208C /* Queue.swift in Sources */,
			);
			runOnlyForDeploymentPostprocessing = 0;
		};
/* End PBXSourcesBuildPhase section */

/* Begin PBXVariantGroup section */
		839070A9277A0B0F006739A7 /* Main.storyboard */ = {
			isa = PBXVariantGroup;
			children = (
				839070AA277A0B0F006739A7 /* Base */,
			);
			name = Main.storyboard;
			sourceTree = "<group>";
		};
		839070AE277A0B14006739A7 /* LaunchScreen.storyboard */ = {
			isa = PBXVariantGroup;
			children = (
				839070AF277A0B14006739A7 /* Base */,
			);
			name = LaunchScreen.storyboard;
			sourceTree = "<group>";
		};
/* End PBXVariantGroup section */

/* Begin XCBuildConfiguration section */
		839070B1277A0B14006739A7 /* Debug */ = {
			isa = XCBuildConfiguration;
			buildSettings = {
				ALWAYS_SEARCH_USER_PATHS = NO;
				CLANG_ANALYZER_NONNULL = YES;
				CLANG_ANALYZER_NUMBER_OBJECT_CONVERSION = YES_AGGRESSIVE;
				CLANG_CXX_LANGUAGE_STANDARD = "gnu++17";
				CLANG_CXX_LIBRARY = "libc++";
				CLANG_ENABLE_MODULES = YES;
				CLANG_ENABLE_OBJC_ARC = YES;
				CLANG_ENABLE_OBJC_WEAK = YES;
				CLANG_WARN_BLOCK_CAPTURE_AUTORELEASING = YES;
				CLANG_WARN_BOOL_CONVERSION = YES;
				CLANG_WARN_COMMA = YES;
				CLANG_WARN_CONSTANT_CONVERSION = YES;
				CLANG_WARN_DEPRECATED_OBJC_IMPLEMENTATIONS = YES;
				CLANG_WARN_DIRECT_OBJC_ISA_USAGE = YES_ERROR;
				CLANG_WARN_DOCUMENTATION_COMMENTS = YES;
				CLANG_WARN_EMPTY_BODY = YES;
				CLANG_WARN_ENUM_CONVERSION = YES;
				CLANG_WARN_INFINITE_RECURSION = YES;
				CLANG_WARN_INT_CONVERSION = YES;
				CLANG_WARN_NON_LITERAL_NULL_CONVERSION = YES;
				CLANG_WARN_OBJC_IMPLICIT_RETAIN_SELF = YES;
				CLANG_WARN_OBJC_LITERAL_CONVERSION = YES;
				CLANG_WARN_OBJC_ROOT_CLASS = YES_ERROR;
				CLANG_WARN_QUOTED_INCLUDE_IN_FRAMEWORK_HEADER = YES;
				CLANG_WARN_RANGE_LOOP_ANALYSIS = YES;
				CLANG_WARN_STRICT_PROTOTYPES = YES;
				CLANG_WARN_SUSPICIOUS_MOVE = YES;
				CLANG_WARN_UNGUARDED_AVAILABILITY = YES_AGGRESSIVE;
				CLANG_WARN_UNREACHABLE_CODE = YES;
				CLANG_WARN__DUPLICATE_METHOD_MATCH = YES;
				COPY_PHASE_STRIP = NO;
				DEBUG_INFORMATION_FORMAT = dwarf;
				ENABLE_STRICT_OBJC_MSGSEND = YES;
				ENABLE_TESTABILITY = YES;
				GCC_C_LANGUAGE_STANDARD = gnu11;
				GCC_DYNAMIC_NO_PIC = NO;
				GCC_NO_COMMON_BLOCKS = YES;
				GCC_OPTIMIZATION_LEVEL = 0;
				GCC_PREPROCESSOR_DEFINITIONS = (
					"DEBUG=1",
					"$(inherited)",
				);
				GCC_WARN_64_TO_32_BIT_CONVERSION = YES;
				GCC_WARN_ABOUT_RETURN_TYPE = YES_ERROR;
				GCC_WARN_UNDECLARED_SELECTOR = YES;
				GCC_WARN_UNINITIALIZED_AUTOS = YES_AGGRESSIVE;
				GCC_WARN_UNUSED_FUNCTION = YES;
				GCC_WARN_UNUSED_VARIABLE = YES;
				IPHONEOS_DEPLOYMENT_TARGET = 15.2;
				MTL_ENABLE_DEBUG_INFO = INCLUDE_SOURCE;
				MTL_FAST_MATH = YES;
				ONLY_ACTIVE_ARCH = YES;
				SDKROOT = iphoneos;
				SWIFT_ACTIVE_COMPILATION_CONDITIONS = DEBUG;
				SWIFT_OPTIMIZATION_LEVEL = "-Onone";
			};
			name = Debug;
		};
		839070B2277A0B14006739A7 /* Release */ = {
			isa = XCBuildConfiguration;
			buildSettings = {
				ALWAYS_SEARCH_USER_PATHS = NO;
				CLANG_ANALYZER_NONNULL = YES;
				CLANG_ANALYZER_NUMBER_OBJECT_CONVERSION = YES_AGGRESSIVE;
				CLANG_CXX_LANGUAGE_STANDARD = "gnu++17";
				CLANG_CXX_LIBRARY = "libc++";
				CLANG_ENABLE_MODULES = YES;
				CLANG_ENABLE_OBJC_ARC = YES;
				CLANG_ENABLE_OBJC_WEAK = YES;
				CLANG_WARN_BLOCK_CAPTURE_AUTORELEASING = YES;
				CLANG_WARN_BOOL_CONVERSION = YES;
				CLANG_WARN_COMMA = YES;
				CLANG_WARN_CONSTANT_CONVERSION = YES;
				CLANG_WARN_DEPRECATED_OBJC_IMPLEMENTATIONS = YES;
				CLANG_WARN_DIRECT_OBJC_ISA_USAGE = YES_ERROR;
				CLANG_WARN_DOCUMENTATION_COMMENTS = YES;
				CLANG_WARN_EMPTY_BODY = YES;
				CLANG_WARN_ENUM_CONVERSION = YES;
				CLANG_WARN_INFINITE_RECURSION = YES;
				CLANG_WARN_INT_CONVERSION = YES;
				CLANG_WARN_NON_LITERAL_NULL_CONVERSION = YES;
				CLANG_WARN_OBJC_IMPLICIT_RETAIN_SELF = YES;
				CLANG_WARN_OBJC_LITERAL_CONVERSION = YES;
				CLANG_WARN_OBJC_ROOT_CLASS = YES_ERROR;
				CLANG_WARN_QUOTED_INCLUDE_IN_FRAMEWORK_HEADER = YES;
				CLANG_WARN_RANGE_LOOP_ANALYSIS = YES;
				CLANG_WARN_STRICT_PROTOTYPES = YES;
				CLANG_WARN_SUSPICIOUS_MOVE = YES;
				CLANG_WARN_UNGUARDED_AVAILABILITY = YES_AGGRESSIVE;
				CLANG_WARN_UNREACHABLE_CODE = YES;
				CLANG_WARN__DUPLICATE_METHOD_MATCH = YES;
				COPY_PHASE_STRIP = NO;
				DEBUG_INFORMATION_FORMAT = "dwarf-with-dsym";
				ENABLE_NS_ASSERTIONS = NO;
				ENABLE_STRICT_OBJC_MSGSEND = YES;
				GCC_C_LANGUAGE_STANDARD = gnu11;
				GCC_NO_COMMON_BLOCKS = YES;
				GCC_WARN_64_TO_32_BIT_CONVERSION = YES;
				GCC_WARN_ABOUT_RETURN_TYPE = YES_ERROR;
				GCC_WARN_UNDECLARED_SELECTOR = YES;
				GCC_WARN_UNINITIALIZED_AUTOS = YES_AGGRESSIVE;
				GCC_WARN_UNUSED_FUNCTION = YES;
				GCC_WARN_UNUSED_VARIABLE = YES;
				IPHONEOS_DEPLOYMENT_TARGET = 15.2;
				MTL_ENABLE_DEBUG_INFO = NO;
				MTL_FAST_MATH = YES;
				SDKROOT = iphoneos;
				SWIFT_COMPILATION_MODE = wholemodule;
				SWIFT_OPTIMIZATION_LEVEL = "-O";
				VALIDATE_PRODUCT = YES;
			};
			name = Release;
		};
		839070B4277A0B14006739A7 /* Debug */ = {
			isa = XCBuildConfiguration;
			buildSettings = {
				ASSETCATALOG_COMPILER_APPICON_NAME = AppIcon;
				ASSETCATALOG_COMPILER_GLOBAL_ACCENT_COLOR_NAME = AccentColor;
				CODE_SIGN_STYLE = Automatic;
				CURRENT_PROJECT_VERSION = 1;
				DEVELOPMENT_TEAM = 96T37Y3JXY;
				GENERATE_INFOPLIST_FILE = YES;
				INFOPLIST_KEY_NSBluetoothAlwaysUsageDescription = "FOr Rax";
				INFOPLIST_KEY_UIApplicationSupportsIndirectInputEvents = YES;
				INFOPLIST_KEY_UILaunchStoryboardName = LaunchScreen;
				INFOPLIST_KEY_UIMainStoryboardFile = Main;
				INFOPLIST_KEY_UIStatusBarHidden = NO;
				INFOPLIST_KEY_UISupportedInterfaceOrientations_iPad = "UIInterfaceOrientationPortrait UIInterfaceOrientationPortraitUpsideDown UIInterfaceOrientationLandscapeLeft UIInterfaceOrientationLandscapeRight";
				INFOPLIST_KEY_UISupportedInterfaceOrientations_iPhone = "UIInterfaceOrientationPortrait UIInterfaceOrientationLandscapeLeft UIInterfaceOrientationLandscapeRight";
				LD_RUNPATH_SEARCH_PATHS = (
					"$(inherited)",
					"@executable_path/Frameworks",
				);
				MARKETING_VERSION = 1.0;
				PRODUCT_BUNDLE_IDENTIFIER = RaxAcademy.Sounder;
				PRODUCT_NAME = "$(TARGET_NAME)";
				SWIFT_EMIT_LOC_STRINGS = YES;
				SWIFT_VERSION = 5.0;
				TARGETED_DEVICE_FAMILY = 1;
			};
			name = Debug;
		};
		839070B5277A0B14006739A7 /* Release */ = {
			isa = XCBuildConfiguration;
			buildSettings = {
				ASSETCATALOG_COMPILER_APPICON_NAME = AppIcon;
				ASSETCATALOG_COMPILER_GLOBAL_ACCENT_COLOR_NAME = AccentColor;
				CODE_SIGN_STYLE = Automatic;
				CURRENT_PROJECT_VERSION = 1;
				DEVELOPMENT_TEAM = 96T37Y3JXY;
				GENERATE_INFOPLIST_FILE = YES;
				INFOPLIST_KEY_NSBluetoothAlwaysUsageDescription = "FOr Rax";
				INFOPLIST_KEY_UIApplicationSupportsIndirectInputEvents = YES;
				INFOPLIST_KEY_UILaunchStoryboardName = LaunchScreen;
				INFOPLIST_KEY_UIMainStoryboardFile = Main;
				INFOPLIST_KEY_UIStatusBarHidden = NO;
				INFOPLIST_KEY_UISupportedInterfaceOrientations_iPad = "UIInterfaceOrientationPortrait UIInterfaceOrientationPortraitUpsideDown UIInterfaceOrientationLandscapeLeft UIInterfaceOrientationLandscapeRight";
				INFOPLIST_KEY_UISupportedInterfaceOrientations_iPhone = "UIInterfaceOrientationPortrait UIInterfaceOrientationLandscapeLeft UIInterfaceOrientationLandscapeRight";
				LD_RUNPATH_SEARCH_PATHS = (
					"$(inherited)",
					"@executable_path/Frameworks",
				);
				MARKETING_VERSION = 1.0;
				PRODUCT_BUNDLE_IDENTIFIER = RaxAcademy.Sounder;
				PRODUCT_NAME = "$(TARGET_NAME)";
				SWIFT_EMIT_LOC_STRINGS = YES;
				SWIFT_VERSION = 5.0;
				TARGETED_DEVICE_FAMILY = 1;
			};
			name = Release;
		};
/* End XCBuildConfiguration section */

/* Begin XCConfigurationList section */
		83907097277A0B0F006739A7 /* Build configuration list for PBXProject "Sounder" */ = {
			isa = XCConfigurationList;
			buildConfigurations = (
				839070B1277A0B14006739A7 /* Debug */,
				839070B2277A0B14006739A7 /* Release */,
			);
			defaultConfigurationIsVisible = 0;
			defaultConfigurationName = Release;
		};
		839070B3277A0B14006739A7 /* Build configuration list for PBXNativeTarget "Sounder" */ = {
			isa = XCConfigurationList;
			buildConfigurations = (
				839070B4277A0B14006739A7 /* Debug */,
				839070B5277A0B14006739A7 /* Release */,
			);
			defaultConfigurationIsVisible = 0;
			defaultConfigurationName = Release;
		};
/* End XCConfigurationList section */
	};
	rootObject = 83907094277A0B0F006739A7 /* Project object */;
}
